{
  "version": 1,
  "dependencies": {
    "net6.0": {
      "Hangfire.AspNetCore": {
        "type": "Direct",
        "requested": "[1.8.12, )",
        "resolved": "1.8.12",
        "contentHash": "H/+JePER6FTW/TcTvfEKRGVaRvY38pQHBB9xKGeKMUEOyMbm9tN5gMvT0ifFPCPj6cv1GMejvds7JVMqY01y9Q==",
        "dependencies": {
          "Hangfire.NetCore": "[1.8.12]"
        }
      },
      "Hangfire.Core": {
        "type": "Direct",
        "requested": "[1.8.12, )",
        "resolved": "1.8.12",
        "contentHash": "EP2JbfDiOAo6Jo3VmQAbRm7Cq6tcldiI2V/xYYjilIGutWuhgxM7aP+uJW6sE5LAnrLL54ahYfBISJLdE1VimQ==",
        "dependencies": {
          "Newtonsoft.Json": "11.0.1"
        }
      },
      "Hangfire.NetCore": {
        "type": "Transitive",
        "resolved": "1.8.12",
        "contentHash": "SqkGar5IgfuoASoSZR1sggHy0Adagbgrf4h4HCkcRB3GTWgbAzRde4rBXOwUaLOlMgCsufALUN4BtE711EFzPQ==",
        "dependencies": {
          "Hangfire.Core": "[1.8.12]",
          "Microsoft.Extensions.DependencyInjection.Abstractions": "3.0.0",
          "Microsoft.Extensions.Hosting.Abstractions": "3.0.0",
          "Microsoft.Extensions.Logging.Abstractions": "3.0.0"
        }
      },
      "Microsoft.Build.Tasks.Git": {
        "type": "Transitive",
        "resolved": "8.0.0",
        "contentHash": "bZKfSIKJRXLTuSzLudMFte/8CempWjVamNUR5eHJizsy+iuOuO/k2gnh7W0dHJmYY0tBf+gUErfluCv5mySAOQ=="
      },
      "Microsoft.CodeAnalysis.NetAnalyzers": {
        "type": "Transitive",
        "resolved": "8.0.0",
        "contentHash": "DxiTgkCl3CGq1rYmBX2wjY7XGbxiBdL4J+/AJIAFLKy5z70NxhnVRnPghnicXZ8oF6JKVXlW3xwznRbI3ioEKg=="
      },
      "Microsoft.Extensions.Configuration.Abstractions": {
        "type": "Transitive",
        "resolved": "3.0.0",
        "contentHash": "Lge/PbXC53jI1MF2J92X5EZOeKV8Q/rlB1aV3H9I/ZTDyQGOyBcL03IAvnviWpHKj43BDkNy6kU2KKoh8kAS0g==",
        "dependencies": {
          "Microsoft.Extensions.Primitives": "3.0.0"
        }
      },
      "Microsoft.Extensions.DependencyInjection.Abstractions": {
        "type": "Transitive",
        "resolved": "3.0.0",
        "contentHash": "ofQRroDlzJ0xKOtzNuaVt6QKNImFkhkG0lIMpGl7PtXnIf5SuLWBeiQZAP8DNSxDBJJdcsPkiJiMYK2WA5H8dQ=="
      },
      "Microsoft.Extensions.FileProviders.Abstractions": {
        "type": "Transitive",
        "resolved": "3.0.0",
        "contentHash": "kahEeykb6FyQytoZNNXuz74X85B4weIEt8Kd+0klK48bkXDWOIHAOvNjlGsPMcS9CL935Te8QGQS83JqCbpdHA==",
        "dependencies": {
          "Microsoft.Extensions.Primitives": "3.0.0"
        }
      },
      "Microsoft.Extensions.Hosting.Abstractions": {
        "type": "Transitive",
        "resolved": "3.0.0",
        "contentHash": "qeDWS5ErmkUN96BdQqpmeCmLk5HJWQ/SPw3ux5v5/Qb0hKZS5wojBMulnBC7JUEiBwg7Ir71Yjf1lFiRT5MdtQ==",
        "dependencies": {
          "Microsoft.Extensions.Configuration.Abstractions": "3.0.0",
          "Microsoft.Extensions.DependencyInjection.Abstractions": "3.0.0",
          "Microsoft.Extensions.FileProviders.Abstractions": "3.0.0",
          "Microsoft.Extensions.Logging.Abstractions": "3.0.0"
        }
      },
      "Microsoft.Extensions.Logging.Abstractions": {
        "type": "Transitive",
        "resolved": "3.0.0",
        "contentHash": "+PsosTYZn+omucI0ff9eywo9QcPLwcbIWf7dz7ZLM1zGR8gVZXJ3wo6+tkuIedUNW5iWENlVJPEvrGjiVeoNNQ=="
      },
      "Microsoft.Extensions.Primitives": {
        "type": "Transitive",
        "resolved": "3.0.0",
        "contentHash": "6gwewTbmOh+ZVBicVkL1XRp79sx4O7BVY6Yy+7OYZdwn3pyOKe9lOam+3gXJ3TZMjhJZdV0Ub8hxHt2vkrmN5Q=="
      },
      "Microsoft.SourceLink.Common": {
        "type": "Transitive",
        "resolved": "8.0.0",
        "contentHash": "dk9JPxTCIevS75HyEQ0E4OVAFhB2N+V9ShCXf8Q6FkUQZDkgLI12y679Nym1YqsiSysuQskT7Z+6nUf3yab6Vw=="
      },
      "Microsoft.SourceLink.GitHub": {
        "type": "Transitive",
        "resolved": "8.0.0",
        "contentHash": "G5q7OqtwIyGTkeIOAc3u2ZuV/kicQaec5EaRnc0pIeSnh9LUjj+PYQrJYBURvDt7twGl2PKA7nSN0kz1Zw5bnQ==",
        "dependencies": {
          "Microsoft.Build.Tasks.Git": "8.0.0",
          "Microsoft.SourceLink.Common": "8.0.0"
        }
      },
      "Newtonsoft.Json": {
        "type": "Transitive",
        "resolved": "11.0.1",
        "contentHash": "pNN4l+J6LlpIvHOeNdXlwxv39NPJ2B5klz+Rd2UQZIx30Squ5oND1Yy3wEAUoKn0GPUj6Yxt9lxlYWQqfZcvKg=="
      },
      "hangfire.inmemory": {
        "type": "Project",
        "dependencies": {
          "Hangfire.Core": "[1.8.0, )",
          "Microsoft.CodeAnalysis.NetAnalyzers": "[8.0.0, )",
          "Microsoft.SourceLink.GitHub": "[8.0.0, )"
        }
      }
    }
  }
}