{
  "version": 1,
  "dependencies": {
    "Any,Version=v0.0": {
      "Hangfire.Build": {
        "type": "Direct",
        "requested": "[0.4.1, 0.4.1]",
        "resolved": "0.4.1",
        "contentHash": "lQtwucKSi6bOH5+hfvhdeRb5MA0FAYR9wPoWgVlOpEAv9ltBxSy1yh35INdOv7VYAF5O910Z57j8X3pWOkmTIw=="
      },
      "psake": {
        "type": "Direct",
        "requested": "[4.4.1, 4.4.1]",
        "resolved": "4.4.1",
        "contentHash": "Hn5kdGPEoapi+wAAjaGjKEZVnuYp7fUrPK3IivLYG6Bn4adhd8l+KXXPMEmte41RmrLvfV7XGZa9KsSTc0gjDA=="
      }
    }
  }
}